<Solution>
  <Folder Name="/src/">
    <Project Path="src/DocsFlow.Api/DocsFlow.Api.csproj" />
    <Project Path="src/DocsFlow.Database/DocsFlow.Database.csproj" />
    <Project Path="src/DocsFlow.Database.Migrator/DocsFlow.Database.Migrator.csproj" />
    <Project Path="src/DocsFlow.Llm/DocsFlow.Llm.csproj" />
    <Project Path="src/DocsFlow.Rag/DocsFlow.Rag.csproj" />
    <Project Path="src/DocsFlow.Spaces/DocsFlow.Spaces.csproj" />
    <Project Path="src/DocsFlow.Storage/DocsFlow.Storage.csproj" />
    <Project Path="src/DocsFlow.Users/DocsFlow.Users.csproj" />
  </Folder>
  <Folder Name="/tests/">
    <Project Path="tests/DocsFlow.Api.Tests/DocsFlow.Api.Tests.csproj" />
    <Project Path="tests/DocsFlow.Database.Tests/DocsFlow.Database.Tests.csproj" />
    <Project Path="tests/DocsFlow.Llm.Tests/DocsFlow.Llm.Tests.csproj" />
    <Project Path="tests/DocsFlow.Rag.Tests/DocsFlow.Rag.Tests.csproj" />
    <Project Path="tests/DocsFlow.Spaces.Tests/DocsFlow.Spaces.Tests.csproj" />
    <Project Path="tests/DocsFlow.Storage.Tests/DocsFlow.Storage.Tests.csproj" />
    <Project Path="tests/DocsFlow.Users.Tests/DocsFlow.Users.Tests.csproj" />
  </Folder>
</Solution>
